
Microsoft Visual Studio Solution File, Format Version 12.00
# Visual Studio Version 16
VisualStudioVersion = 16.0.31402.337
MinimumVisualStudioVersion = 10.0.40219.1
Project("{FAE04EC0-301F-11D3-BF4B-00C04F79EFBC}") = "HabbitTracker", "HabbitTracker\HabbitTracker.csproj", "{4C9F8F55-6CC9-4582-9EDE-D06690BD2744}"
EndProject
Global
	GlobalSection(SolutionConfigurationPlatforms) = preSolution
		Debug|Any CPU = Debug|Any CPU
		Release|Any CPU = Release|Any CPU
	EndGlobalSection
	GlobalSection(ProjectConfigurationPlatforms) = postSolution
		{4C9F8F55-6CC9-4582-9EDE-D06690BD2744}.Debug|Any CPU.ActiveCfg = Debug|Any CPU
		{4C9F8F55-6CC9-4582-9EDE-D06690BD2744}.Debug|Any CPU.Build.0 = Debug|Any CPU
		{4C9F8F55-6CC9-4582-9EDE-D06690BD2744}.Release|Any CPU.ActiveCfg = Release|Any CPU
		{4C9F8F55-6CC9-4582-9EDE-D06690BD2744}.Release|Any CPU.Build.0 = Release|Any CPU
	EndGlobalSection
	GlobalSection(SolutionProperties) = preSolution
		HideSolutionNode = FALSE
	EndGlobalSection
	GlobalSection(ExtensibilityGlobals) = postSolution
		SolutionGuid = {29E4F889-1717-4232-84BF-C857BD109C14}
	EndGlobalSection
EndGlobal
